
Microsoft Visual Studio Solution File, Format Version 12.00
# Visual Studio Version 16
VisualStudioVersion = 16.0.29418.71
MinimumVisualStudioVersion = 10.0.40219.1
Project("{FAE04EC0-301F-11D3-BF4B-00C04F79EFBC}") = "Sortings", "Sortings.csproj", "{D71D9DC8-F904-4902-AF7F-87EAB7B34965}"
EndProject
Global
	GlobalSection(SolutionConfigurationPlatforms) = preSolution
		Debug|Any CPU = Debug|Any CPU
		Release|Any CPU = Release|Any CPU
	EndGlobalSection
	GlobalSection(ProjectConfigurationPlatforms) = postSolution
		{D71D9DC8-F904-4902-AF7F-87EAB7B34965}.Debug|Any CPU.ActiveCfg = Debug|Any CPU
		{D71D9DC8-F904-4902-AF7F-87EAB7B34965}.Debug|Any CPU.Build.0 = Debug|Any CPU
		{D71D9DC8-F904-4902-AF7F-87EAB7B34965}.Release|Any CPU.ActiveCfg = Release|Any CPU
		{D71D9DC8-F904-4902-AF7F-87EAB7B34965}.Release|Any CPU.Build.0 = Release|Any CPU
	EndGlobalSection
	GlobalSection(SolutionProperties) = preSolution
		HideSolutionNode = FALSE
	EndGlobalSection
	GlobalSection(ExtensibilityGlobals) = postSolution
		SolutionGuid = {C2B08B72-1E14-42E8-8FF9-25AB5D914EA2}
	EndGlobalSection
EndGlobal
